
Microsoft Visual Studio Solution File, Format Version 12.00
# Visual Studio 15
VisualStudioVersion = 15.0.28010.2041
MinimumVisualStudioVersion = 10.0.40219.1
Project("{FAE04EC0-301F-11D3-BF4B-00C04F79EFBC}") = "ProjectA", "ProjectA\ProjectA.csproj", "{387CE5D8-6C00-431C-859B-5180EC2F4B6E}"
EndProject
Project("{FAE04EC0-301F-11D3-BF4B-00C04F79EFBC}") = "ProjectB", "ProjectB\ProjectB.csproj", "{7FD70A00-C4E1-48BF-9AA5-5772C9CCA1F3}"
EndProject
Global
	GlobalSection(SolutionConfigurationPlatforms) = preSolution
		Debug|Any CPU = Debug|Any CPU
		Release|Any CPU = Release|Any CPU
	EndGlobalSection
	GlobalSection(ProjectConfigurationPlatforms) = postSolution
		{387CE5D8-6C00-431C-859B-5180EC2F4B6E}.Debug|Any CPU.ActiveCfg = Debug|Any CPU
		{387CE5D8-6C00-431C-859B-5180EC2F4B6E}.Debug|Any CPU.Build.0 = Debug|Any CPU
		{387CE5D8-6C00-431C-859B-5180EC2F4B6E}.Release|Any CPU.ActiveCfg = Release|Any CPU
		{387CE5D8-6C00-431C-859B-5180EC2F4B6E}.Release|Any CPU.Build.0 = Release|Any CPU
		{7FD70A00-C4E1-48BF-9AA5-5772C9CCA1F3}.Debug|Any CPU.ActiveCfg = Debug|Any CPU
		{7FD70A00-C4E1-48BF-9AA5-5772C9CCA1F3}.Debug|Any CPU.Build.0 = Debug|Any CPU
		{7FD70A00-C4E1-48BF-9AA5-5772C9CCA1F3}.Release|Any CPU.ActiveCfg = Release|Any CPU
		{7FD70A00-C4E1-48BF-9AA5-5772C9CCA1F3}.Release|Any CPU.Build.0 = Release|Any CPU
	EndGlobalSection
	GlobalSection(SolutionProperties) = preSolution
		HideSolutionNode = FALSE
	EndGlobalSection
	GlobalSection(ExtensibilityGlobals) = postSolution
		SolutionGuid = {E4BAEE15-278A-4123-B922-6E6F7FE6AAF4}
	EndGlobalSection
EndGlobal
